// !$*UTF8*$!
{
	archiveVersion = 1;
	classes = {
	};
	objectVersion = 56;
	objects = {

/* Begin PBXBuildFile section */
		D75CB4172AEAA4BF0087C72D /* TableViewController.swift in Sources */ = {isa = PBXBuildFile; fileRef = D75CB4162AEAA4BF0087C72D /* TableViewController.swift */; };
		D794166B2AE79CEF006164F5 /* AppDelegate.swift in Sources */ = {isa = PBXBuildFile; fileRef = D794166A2AE79CEF006164F5 /* AppDelegate.swift */; };
		D794166D2AE79CEF006164F5 /* SceneDelegate.swift in Sources */ = {isa = PBXBuildFile; fileRef = D794166C2AE79CEF006164F5 /* SceneDelegate.swift */; };
		D794166F2AE79CEF006164F5 /* ViewController.swift in Sources */ = {isa = PBXBuildFile; fileRef = D794166E2AE79CEF006164F5 /* ViewController.swift */; };
		D79416722AE79CEF006164F5 /* Main.storyboard in Resources */ = {isa = PBXBuildFile; fileRef = D79416702AE79CEF006164F5 /* Main.storyboard */; };
		D79416742AE79CEF006164F5 /* Assets.xcassets in Resources */ = {isa = PBXBuildFile; fileRef = D79416732AE79CEF006164F5 /* Assets.xcassets */; };
		D79416772AE79CEF006164F5 /* LaunchScreen.storyboard in Resources */ = {isa = PBXBuildFile; fileRef = D79416752AE79CEF006164F5 /* LaunchScreen.storyboard */; };
		D79416822AE79CEF006164F5 /* todoTests.swift in Sources */ = {isa = PBXBuildFile; fileRef = D79416812AE79CEF006164F5 /* todoTests.swift */; };
		D794168C2AE79CEF006164F5 /* todoUITests.swift in Sources */ = {isa = PBXBuildFile; fileRef = D794168B2AE79CEF006164F5 /* todoUITests.swift */; };
		D794168E2AE79CEF006164F5 /* todoUITestsLaunchTests.swift in Sources */ = {isa = PBXBuildFile; fileRef = D794168D2AE79CEF006164F5 /* todoUITestsLaunchTests.swift */; };
		D7DD9A5C2AFD0FD200F40CAF /* Taskitem.swift in Sources */ = {isa = PBXBuildFile; fileRef = D7DD9A5B2AFD0FD200F40CAF /* Taskitem.swift */; };
/* End PBXBuildFile section */

/* Begin PBXContainerItemProxy section */
		D794167E2AE79CEF006164F5 /* PBXContainerItemProxy */ = {
			isa = PBXContainerItemProxy;
			containerPortal = D794165F2AE79CEF006164F5 /* Project object */;
			proxyType = 1;
			remoteGlobalIDString = D79416662AE79CEF006164F5;
			remoteInfo = todo;
		};
		D79416882AE79CEF006164F5 /* PBXContainerItemProxy */ = {
			isa = PBXContainerItemProxy;
			containerPortal = D794165F2AE79CEF006164F5 /* Project object */;
			proxyType = 1;
			remoteGlobalIDString = D79416662AE79CEF006164F5;
			remoteInfo = todo;
		};
/* End PBXContainerItemProxy section */

/* Begin PBXFileReference section */
		D75CB4162AEAA4BF0087C72D /* TableViewController.swift */ = {isa = PBXFileReference; lastKnownFileType = sourcecode.swift; path = TableViewController.swift; sourceTree = "<group>"; };
		D79416672AE79CEF006164F5 /* todo.app */ = {isa = PBXFileReference; explicitFileType = wrapper.application; includeInIndex = 0; path = todo.app; sourceTree = BUILT_PRODUCTS_DIR; };
		D794166A2AE79CEF006164F5 /* AppDelegate.swift */ = {isa = PBXFileReference; lastKnownFileType = sourcecode.swift; path = AppDelegate.swift; sourceTree = "<group>"; };
		D794166C2AE79CEF006164F5 /* SceneDelegate.swift */ = {isa = PBXFileReference; lastKnownFileType = sourcecode.swift; path = SceneDelegate.swift; sourceTree = "<group>"; };
		D794166E2AE79CEF006164F5 /* ViewController.swift */ = {isa = PBXFileReference; lastKnownFileType = sourcecode.swift; path = ViewController.swift; sourceTree = "<group>"; };
		D79416712AE79CEF006164F5 /* Base */ = {isa = PBXFileReference; lastKnownFileType = file.storyboard; name = Base; path = Base.lproj/Main.storyboard; sourceTree = "<group>"; };
		D79416732AE79CEF006164F5 /* Assets.xcassets */ = {isa = PBXFileReference; lastKnownFileType = folder.assetcatalog; path = Assets.xcassets; sourceTree = "<group>"; };
		D79416762AE79CEF006164F5 /* Base */ = {isa = PBXFileReference; lastKnownFileType = file.storyboard; name = Base; path = Base.lproj/LaunchScreen.storyboard; sourceTree = "<group>"; };
		D79416782AE79CEF006164F5 /* Info.plist */ = {isa = PBXFileReference; lastKnownFileType = text.plist.xml; path = Info.plist; sourceTree = "<group>"; };
		D794167D2AE79CEF006164F5 /* todoTests.xctest */ = {isa = PBXFileReference; explicitFileType = wrapper.cfbundle; includeInIndex = 0; path = todoTests.xctest; sourceTree = BUILT_PRODUCTS_DIR; };
		D79416812AE79CEF006164F5 /* todoTests.swift */ = {isa = PBXFileReference; lastKnownFileType = sourcecode.swift; path = todoTests.swift; sourceTree = "<group>"; };
		D79416872AE79CEF006164F5 /* todoUITests.xctest */ = {isa = PBXFileReference; explicitFileType = wrapper.cfbundle; includeInIndex = 0; path = todoUITests.xctest; sourceTree = BUILT_PRODUCTS_DIR; };
		D794168B2AE79CEF006164F5 /* todoUITests.swift */ = {isa = PBXFileReference; lastKnownFileType = sourcecode.swift; path = todoUITests.swift; sourceTree = "<group>"; };
		D794168D2AE79CEF006164F5 /* todoUITestsLaunchTests.swift */ = {isa = PBXFileReference; lastKnownFileType = sourcecode.swift; path = todoUITestsLaunchTests.swift; sourceTree = "<group>"; };
		D7DD9A5B2AFD0FD200F40CAF /* Taskitem.swift */ = {isa = PBXFileReference; lastKnownFileType = sourcecode.swift; path = Taskitem.swift; sourceTree = "<group>"; };
/* End PBXFileReference section */

/* Begin PBXFrameworksBuildPhase section */
		D79416642AE79CEF006164F5 /* Frameworks */ = {
			isa = PBXFrameworksBuildPhase;
			buildActionMask = 2147483647;
			files = (
			);
			runOnlyForDeploymentPostprocessing = 0;
		};
		D794167A2AE79CEF006164F5 /* Frameworks */ = {
			isa = PBXFrameworksBuildPhase;
			buildActionMask = 2147483647;
			files = (
			);
			runOnlyForDeploymentPostprocessing = 0;
		};
		D79416842AE79CEF006164F5 /* Frameworks */ = {
			isa = PBXFrameworksBuildPhase;
			buildActionMask = 2147483647;
			files = (
			);
			runOnlyForDeploymentPostprocessing = 0;
		};
/* End PBXFrameworksBuildPhase section */

/* Begin PBXGroup section */
		D794165E2AE79CEF006164F5 = {
			isa = PBXGroup;
			children = (
				D79416692AE79CEF006164F5 /* todo */,
				D79416802AE79CEF006164F5 /* todoTests */,
				D794168A2AE79CEF006164F5 /* todoUITests */,
				D79416682AE79CEF006164F5 /* Products */,
			);
			sourceTree = "<group>";
		};
		D79416682AE79CEF006164F5 /* Products */ = {
			isa = PBXGroup;
			children = (
				D79416672AE79CEF006164F5 /* todo.app */,
				D794167D2AE79CEF006164F5 /* todoTests.xctest */,
				D79416872AE79CEF006164F5 /* todoUITests.xctest */,
			);
			name = Products;
			sourceTree = "<group>";
		};
		D79416692AE79CEF006164F5 /* todo */ = {
			isa = PBXGroup;
			children = (
				D794166A2AE79CEF006164F5 /* AppDelegate.swift */,
				D794166C2AE79CEF006164F5 /* SceneDelegate.swift */,
				D794166E2AE79CEF006164F5 /* ViewController.swift */,
				D75CB4162AEAA4BF0087C72D /* TableViewController.swift */,
				D7DD9A5B2AFD0FD200F40CAF /* Taskitem.swift */,
				D79416702AE79CEF006164F5 /* Main.storyboard */,
				D79416732AE79CEF006164F5 /* Assets.xcassets */,
				D79416752AE79CEF006164F5 /* LaunchScreen.storyboard */,
				D79416782AE79CEF006164F5 /* Info.plist */,
			);
			path = todo;
			sourceTree = "<group>";
		};
		D79416802AE79CEF006164F5 /* todoTests */ = {
			isa = PBXGroup;
			children = (
				D79416812AE79CEF006164F5 /* todoTests.swift */,
			);
			path = todoTests;
			sourceTree = "<group>";
		};
		D794168A2AE79CEF006164F5 /* todoUITests */ = {
			isa = PBXGroup;
			children = (
				D794168B2AE79CEF006164F5 /* todoUITests.swift */,
				D794168D2AE79CEF006164F5 /* todoUITestsLaunchTests.swift */,
			);
			path = todoUITests;
			sourceTree = "<group>";
		};
/* End PBXGroup section */

/* Begin PBXNativeTarget section */
		D79416662AE79CEF006164F5 /* todo */ = {
			isa = PBXNativeTarget;
			buildConfigurationList = D79416912AE79CEF006164F5 /* Build configuration list for PBXNativeTarget "todo" */;
			buildPhases = (
				D79416632AE79CEF006164F5 /* Sources */,
				D79416642AE79CEF006164F5 /* Frameworks */,
				D79416652AE79CEF006164F5 /* Resources */,
			);
			buildRules = (
			);
			dependencies = (
			);
			name = todo;
			productName = todo;
			productReference = D79416672AE79CEF006164F5 /* todo.app */;
			productType = "com.apple.product-type.application";
		};
		D794167C2AE79CEF006164F5 /* todoTests */ = {
			isa = PBXNativeTarget;
			buildConfigurationList = D79416942AE79CEF006164F5 /* Build configuration list for PBXNativeTarget "todoTests" */;
			buildPhases = (
				D79416792AE79CEF006164F5 /* Sources */,
				D794167A2AE79CEF006164F5 /* Frameworks */,
				D794167B2AE79CEF006164F5 /* Resources */,
			);
			buildRules = (
			);
			dependencies = (
				D794167F2AE79CEF006164F5 /* PBXTargetDependency */,
			);
			name = todoTests;
			productName = todoTests;
			productReference = D794167D2AE79CEF006164F5 /* todoTests.xctest */;
			productType = "com.apple.product-type.bundle.unit-test";
		};
		D79416862AE79CEF006164F5 /* todoUITests */ = {
			isa = PBXNativeTarget;
			buildConfigurationList = D79416972AE79CEF006164F5 /* Build configuration list for PBXNativeTarget "todoUITests" */;
			buildPhases = (
				D79416832AE79CEF006164F5 /* Sources */,
				D79416842AE79CEF006164F5 /* Frameworks */,
				D79416852AE79CEF006164F5 /* Resources */,
			);
			buildRules = (
			);
			dependencies = (
				D79416892AE79CEF006164F5 /* PBXTargetDependency */,
			);
			name = todoUITests;
			productName = todoUITests;
			productReference = D79416872AE79CEF006164F5 /* todoUITests.xctest */;
			productType = "com.apple.product-type.bundle.ui-testing";
		};
/* End PBXNativeTarget section */

/* Begin PBXProject section */
		D794165F2AE79CEF006164F5 /* Project object */ = {
			isa = PBXProject;
			attributes = {
				BuildIndependentTargetsInParallel = 1;
				LastSwiftUpdateCheck = 1420;
				LastUpgradeCheck = 1420;
				TargetAttributes = {
					D79416662AE79CEF006164F5 = {
						CreatedOnToolsVersion = 14.2;
					};
					D794167C2AE79CEF006164F5 = {
						CreatedOnToolsVersion = 14.2;
						TestTargetID = D79416662AE79CEF006164F5;
					};
					D79416862AE79CEF006164F5 = {
						CreatedOnToolsVersion = 14.2;
						TestTargetID = D79416662AE79CEF006164F5;
					};
				};
			};
			buildConfigurationList = D79416622AE79CEF006164F5 /* Build configuration list for PBXProject "todo" */;
			compatibilityVersion = "Xcode 14.0";
			developmentRegion = en;
			hasScannedForEncodings = 0;
			knownRegions = (
				en,
				Base,
			);
			mainGroup = D794165E2AE79CEF006164F5;
			productRefGroup = D79416682AE79CEF006164F5 /* Products */;
			projectDirPath = "";
			projectRoot = "";
			targets = (
				D79416662AE79CEF006164F5 /* todo */,
				D794167C2AE79CEF006164F5 /* todoTests */,
				D79416862AE79CEF006164F5 /* todoUITests */,
			);
		};
/* End PBXProject section */

/* Begin PBXResourcesBuildPhase section */
		D79416652AE79CEF006164F5 /* Resources */ = {
			isa = PBXResourcesBuildPhase;
			buildActionMask = 2147483647;
			files = (
				D79416772AE79CEF006164F5 /* LaunchScreen.storyboard in Resources */,
				D79416742AE79CEF006164F5 /* Assets.xcassets in Resources */,
				D79416722AE79CEF006164F5 /* Main.storyboard in Resources */,
			);
			runOnlyForDeploymentPostprocessing = 0;
		};
		D794167B2AE79CEF006164F5 /* Resources */ = {
			isa = PBXResourcesBuildPhase;
			buildActionMask = 2147483647;
			files = (
			);
			runOnlyForDeploymentPostprocessing = 0;
		};
		D79416852AE79CEF006164F5 /* Resources */ = {
			isa = PBXResourcesBuildPhase;
			buildActionMask = 2147483647;
			files = (
			);
			runOnlyForDeploymentPostprocessing = 0;
		};
/* End PBXResourcesBuildPhase section */

/* Begin PBXSourcesBuildPhase section */
		D79416632AE79CEF006164F5 /* Sources */ = {
			isa = PBXSourcesBuildPhase;
			buildActionMask = 2147483647;
			files = (
				D794166F2AE79CEF006164F5 /* ViewController.swift in Sources */,
				D794166B2AE79CEF006164F5 /* AppDelegate.swift in Sources */,
				D794166D2AE79CEF006164F5 /* SceneDelegate.swift in Sources */,
				D75CB4172AEAA4BF0087C72D /* TableViewController.swift in Sources */,
				D7DD9A5C2AFD0FD200F40CAF /* Taskitem.swift in Sources */,
			);
			runOnlyForDeploymentPostprocessing = 0;
		};
		D79416792AE79CEF006164F5 /* Sources */ = {
			isa = PBXSourcesBuildPhase;
			buildActionMask = 2147483647;
			files = (
				D79416822AE79CEF006164F5 /* todoTests.swift in Sources */,
			);
			runOnlyForDeploymentPostprocessing = 0;
		};
		D79416832AE79CEF006164F5 /* Sources */ = {
			isa = PBXSourcesBuildPhase;
			buildActionMask = 2147483647;
			files = (
				D794168E2AE79CEF006164F5 /* todoUITestsLaunchTests.swift in Sources */,
				D794168C2AE79CEF006164F5 /* todoUITests.swift in Sources */,
			);
			runOnlyForDeploymentPostprocessing = 0;
		};
/* End PBXSourcesBuildPhase section */

/* Begin PBXTargetDependency section */
		D794167F2AE79CEF006164F5 /* PBXTargetDependency */ = {
			isa = PBXTargetDependency;
			target = D79416662AE79CEF006164F5 /* todo */;
			targetProxy = D794167E2AE79CEF006164F5 /* PBXContainerItemProxy */;
		};
		D79416892AE79CEF006164F5 /* PBXTargetDependency */ = {
			isa = PBXTargetDependency;
			target = D79416662AE79CEF006164F5 /* todo */;
			targetProxy = D79416882AE79CEF006164F5 /* PBXContainerItemProxy */;
		};
/* End PBXTargetDependency section */

/* Begin PBXVariantGroup section */
		D79416702AE79CEF006164F5 /* Main.storyboard */ = {
			isa = PBXVariantGroup;
			children = (
				D79416712AE79CEF006164F5 /* Base */,
			);
			name = Main.storyboard;
			sourceTree = "<group>";
		};
		D79416752AE79CEF006164F5 /* LaunchScreen.storyboard */ = {
			isa = PBXVariantGroup;
			children = (
				D79416762AE79CEF006164F5 /* Base */,
			);
			name = LaunchScreen.storyboard;
			sourceTree = "<group>";
		};
/* End PBXVariantGroup section */

/* Begin XCBuildConfiguration section */
		D794168F2AE79CEF006164F5 /* Debug */ = {
			isa = XCBuildConfiguration;
			buildSettings = {
				ALWAYS_SEARCH_USER_PATHS = NO;
				CLANG_ANALYZER_NONNULL = YES;
				CLANG_ANALYZER_NUMBER_OBJECT_CONVERSION = YES_AGGRESSIVE;
				CLANG_CXX_LANGUAGE_STANDARD = "gnu++20";
				CLANG_ENABLE_MODULES = YES;
				CLANG_ENABLE_OBJC_ARC = YES;
				CLANG_ENABLE_OBJC_WEAK = YES;
				CLANG_WARN_BLOCK_CAPTURE_AUTORELEASING = YES;
				CLANG_WARN_BOOL_CONVERSION = YES;
				CLANG_WARN_COMMA = YES;
				CLANG_WARN_CONSTANT_CONVERSION = YES;
				CLANG_WARN_DEPRECATED_OBJC_IMPLEMENTATIONS = YES;
				CLANG_WARN_DIRECT_OBJC_ISA_USAGE = YES_ERROR;
				CLANG_WARN_DOCUMENTATION_COMMENTS = YES;
				CLANG_WARN_EMPTY_BODY = YES;
				CLANG_WARN_ENUM_CONVERSION = YES;
				CLANG_WARN_INFINITE_RECURSION = YES;
				CLANG_WARN_INT_CONVERSION = YES;
				CLANG_WARN_NON_LITERAL_NULL_CONVERSION = YES;
				CLANG_WARN_OBJC_IMPLICIT_RETAIN_SELF = YES;
				CLANG_WARN_OBJC_LITERAL_CONVERSION = YES;
				CLANG_WARN_OBJC_ROOT_CLASS = YES_ERROR;
				CLANG_WARN_QUOTED_INCLUDE_IN_FRAMEWORK_HEADER = YES;
				CLANG_WARN_RANGE_LOOP_ANALYSIS = YES;
				CLANG_WARN_STRICT_PROTOTYPES = YES;
				CLANG_WARN_SUSPICIOUS_MOVE = YES;
				CLANG_WARN_UNGUARDED_AVAILABILITY = YES_AGGRESSIVE;
				CLANG_WARN_UNREACHABLE_CODE = YES;
				CLANG_WARN__DUPLICATE_METHOD_MATCH = YES;
				COPY_PHASE_STRIP = NO;
				DEBUG_INFORMATION_FORMAT = dwarf;
				ENABLE_STRICT_OBJC_MSGSEND = YES;
				ENABLE_TESTABILITY = YES;
				GCC_C_LANGUAGE_STANDARD = gnu11;
				GCC_DYNAMIC_NO_PIC = NO;
				GCC_NO_COMMON_BLOCKS = YES;
				GCC_OPTIMIZATION_LEVEL = 0;
				GCC_PREPROCESSOR_DEFINITIONS = (
					"DEBUG=1",
					"$(inherited)",
				);
				GCC_WARN_64_TO_32_BIT_CONVERSION = YES;
				GCC_WARN_ABOUT_RETURN_TYPE = YES_ERROR;
				GCC_WARN_UNDECLARED_SELECTOR = YES;
				GCC_WARN_UNINITIALIZED_AUTOS = YES_AGGRESSIVE;
				GCC_WARN_UNUSED_FUNCTION = YES;
				GCC_WARN_UNUSED_VARIABLE = YES;
				IPHONEOS_DEPLOYMENT_TARGET = 16.2;
				MTL_ENABLE_DEBUG_INFO = INCLUDE_SOURCE;
				MTL_FAST_MATH = YES;
				ONLY_ACTIVE_ARCH = YES;
				SDKROOT = iphoneos;
				SWIFT_ACTIVE_COMPILATION_CONDITIONS = DEBUG;
				SWIFT_OPTIMIZATION_LEVEL = "-Onone";
			};
			name = Debug;
		};
		D79416902AE79CEF006164F5 /* Release */ = {
			isa = XCBuildConfiguration;
			buildSettings = {
				ALWAYS_SEARCH_USER_PATHS = NO;
				CLANG_ANALYZER_NONNULL = YES;
				CLANG_ANALYZER_NUMBER_OBJECT_CONVERSION = YES_AGGRESSIVE;
				CLANG_CXX_LANGUAGE_STANDARD = "gnu++20";
				CLANG_ENABLE_MODULES = YES;
				CLANG_ENABLE_OBJC_ARC = YES;
				CLANG_ENABLE_OBJC_WEAK = YES;
				CLANG_WARN_BLOCK_CAPTURE_AUTORELEASING = YES;
				CLANG_WARN_BOOL_CONVERSION = YES;
				CLANG_WARN_COMMA = YES;
				CLANG_WARN_CONSTANT_CONVERSION = YES;
				CLANG_WARN_DEPRECATED_OBJC_IMPLEMENTATIONS = YES;
				CLANG_WARN_DIRECT_OBJC_ISA_USAGE = YES_ERROR;
				CLANG_WARN_DOCUMENTATION_COMMENTS = YES;
				CLANG_WARN_EMPTY_BODY = YES;
				CLANG_WARN_ENUM_CONVERSION = YES;
				CLANG_WARN_INFINITE_RECURSION = YES;
				CLANG_WARN_INT_CONVERSION = YES;
				CLANG_WARN_NON_LITERAL_NULL_CONVERSION = YES;
				CLANG_WARN_OBJC_IMPLICIT_RETAIN_SELF = YES;
				CLANG_WARN_OBJC_LITERAL_CONVERSION = YES;
				CLANG_WARN_OBJC_ROOT_CLASS = YES_ERROR;
				CLANG_WARN_QUOTED_INCLUDE_IN_FRAMEWORK_HEADER = YES;
				CLANG_WARN_RANGE_LOOP_ANALYSIS = YES;
				CLANG_WARN_STRICT_PROTOTYPES = YES;
				CLANG_WARN_SUSPICIOUS_MOVE = YES;
				CLANG_WARN_UNGUARDED_AVAILABILITY = YES_AGGRESSIVE;
				CLANG_WARN_UNREACHABLE_CODE = YES;
				CLANG_WARN__DUPLICATE_METHOD_MATCH = YES;
				COPY_PHASE_STRIP = NO;
				DEBUG_INFORMATION_FORMAT = "dwarf-with-dsym";
				ENABLE_NS_ASSERTIONS = NO;
				ENABLE_STRICT_OBJC_MSGSEND = YES;
				GCC_C_LANGUAGE_STANDARD = gnu11;
				GCC_NO_COMMON_BLOCKS = YES;
				GCC_WARN_64_TO_32_BIT_CONVERSION = YES;
				GCC_WARN_ABOUT_RETURN_TYPE = YES_ERROR;
				GCC_WARN_UNDECLARED_SELECTOR = YES;
				GCC_WARN_UNINITIALIZED_AUTOS = YES_AGGRESSIVE;
				GCC_WARN_UNUSED_FUNCTION = YES;
				GCC_WARN_UNUSED_VARIABLE = YES;
				IPHONEOS_DEPLOYMENT_TARGET = 16.2;
				MTL_ENABLE_DEBUG_INFO = NO;
				MTL_FAST_MATH = YES;
				SDKROOT = iphoneos;
				SWIFT_COMPILATION_MODE = wholemodule;
				SWIFT_OPTIMIZATION_LEVEL = "-O";
				VALIDATE_PRODUCT = YES;
			};
			name = Release;
		};
		D79416922AE79CEF006164F5 /* Debug */ = {
			isa = XCBuildConfiguration;
			buildSettings = {
				ASSETCATALOG_COMPILER_APPICON_NAME = AppIcon;
				ASSETCATALOG_COMPILER_GLOBAL_ACCENT_COLOR_NAME = AccentColor;
				CODE_SIGN_STYLE = Automatic;
				CURRENT_PROJECT_VERSION = 1;
				GENERATE_INFOPLIST_FILE = YES;
				INFOPLIST_FILE = todo/Info.plist;
				INFOPLIST_KEY_UIApplicationSupportsIndirectInputEvents = YES;
				INFOPLIST_KEY_UILaunchStoryboardName = LaunchScreen;
				INFOPLIST_KEY_UIMainStoryboardFile = Main;
				INFOPLIST_KEY_UISupportedInterfaceOrientations_iPad = "UIInterfaceOrientationPortrait UIInterfaceOrientationPortraitUpsideDown UIInterfaceOrientationLandscapeLeft UIInterfaceOrientationLandscapeRight";
				INFOPLIST_KEY_UISupportedInterfaceOrientations_iPhone = "UIInterfaceOrientationPortrait UIInterfaceOrientationLandscapeLeft UIInterfaceOrientationLandscapeRight";
				LD_RUNPATH_SEARCH_PATHS = (
					"$(inherited)",
					"@executable_path/Frameworks",
				);
				MARKETING_VERSION = 1.0;
				PRODUCT_BUNDLE_IDENTIFIER = Ospanbekov.Zhandos.todo;
				PRODUCT_NAME = "$(TARGET_NAME)";
				SWIFT_EMIT_LOC_STRINGS = YES;
				SWIFT_VERSION = 5.0;
				TARGETED_DEVICE_FAMILY = "1,2";
			};
			name = Debug;
		};
		D79416932AE79CEF006164F5 /* Release */ = {
			isa = XCBuildConfiguration;
			buildSettings = {
				ASSETCATALOG_COMPILER_APPICON_NAME = AppIcon;
				ASSETCATALOG_COMPILER_GLOBAL_ACCENT_COLOR_NAME = AccentColor;
				CODE_SIGN_STYLE = Automatic;
				CURRENT_PROJECT_VERSION = 1;
				GENERATE_INFOPLIST_FILE = YES;
				INFOPLIST_FILE = todo/Info.plist;
				INFOPLIST_KEY_UIApplicationSupportsIndirectInputEvents = YES;
				INFOPLIST_KEY_UILaunchStoryboardName = LaunchScreen;
				INFOPLIST_KEY_UIMainStoryboardFile = Main;
				INFOPLIST_KEY_UISupportedInterfaceOrientations_iPad = "UIInterfaceOrientationPortrait UIInterfaceOrientationPortraitUpsideDown UIInterfaceOrientationLandscapeLeft UIInterfaceOrientationLandscapeRight";
				INFOPLIST_KEY_UISupportedInterfaceOrientations_iPhone = "UIInterfaceOrientationPortrait UIInterfaceOrientationLandscapeLeft UIInterfaceOrientationLandscapeRight";
				LD_RUNPATH_SEARCH_PATHS = (
					"$(inherited)",
					"@executable_path/Frameworks",
				);
				MARKETING_VERSION = 1.0;
				PRODUCT_BUNDLE_IDENTIFIER = Ospanbekov.Zhandos.todo;
				PRODUCT_NAME = "$(TARGET_NAME)";
				SWIFT_EMIT_LOC_STRINGS = YES;
				SWIFT_VERSION = 5.0;
				TARGETED_DEVICE_FAMILY = "1,2";
			};
			name = Release;
		};
		D79416952AE79CEF006164F5 /* Debug */ = {
			isa = XCBuildConfiguration;
			buildSettings = {
				ALWAYS_EMBED_SWIFT_STANDARD_LIBRARIES = YES;
				BUNDLE_LOADER = "$(TEST_HOST)";
				CODE_SIGN_STYLE = Automatic;
				CURRENT_PROJECT_VERSION = 1;
				GENERATE_INFOPLIST_FILE = YES;
				IPHONEOS_DEPLOYMENT_TARGET = 16.2;
				MARKETING_VERSION = 1.0;
				PRODUCT_BUNDLE_IDENTIFIER = Ospanbekov.Zhandos.todoTests;
				PRODUCT_NAME = "$(TARGET_NAME)";
				SWIFT_EMIT_LOC_STRINGS = NO;
				SWIFT_VERSION = 5.0;
				TARGETED_DEVICE_FAMILY = "1,2";
				TEST_HOST = "$(BUILT_PRODUCTS_DIR)/todo.app/$(BUNDLE_EXECUTABLE_FOLDER_PATH)/todo";
			};
			name = Debug;
		};
		D79416962AE79CEF006164F5 /* Release */ = {
			isa = XCBuildConfiguration;
			buildSettings = {
				ALWAYS_EMBED_SWIFT_STANDARD_LIBRARIES = YES;
				BUNDLE_LOADER = "$(TEST_HOST)";
				CODE_SIGN_STYLE = Automatic;
				CURRENT_PROJECT_VERSION = 1;
				GENERATE_INFOPLIST_FILE = YES;
				IPHONEOS_DEPLOYMENT_TARGET = 16.2;
				MARKETING_VERSION = 1.0;
				PRODUCT_BUNDLE_IDENTIFIER = Ospanbekov.Zhandos.todoTests;
				PRODUCT_NAME = "$(TARGET_NAME)";
				SWIFT_EMIT_LOC_STRINGS = NO;
				SWIFT_VERSION = 5.0;
				TARGETED_DEVICE_FAMILY = "1,2";
				TEST_HOST = "$(BUILT_PRODUCTS_DIR)/todo.app/$(BUNDLE_EXECUTABLE_FOLDER_PATH)/todo";
			};
			name = Release;
		};
		D79416982AE79CEF006164F5 /* Debug */ = {
			isa = XCBuildConfiguration;
			buildSettings = {
				ALWAYS_EMBED_SWIFT_STANDARD_LIBRARIES = YES;
				CODE_SIGN_STYLE = Automatic;
				CURRENT_PROJECT_VERSION = 1;
				GENERATE_INFOPLIST_FILE = YES;
				MARKETING_VERSION = 1.0;
				PRODUCT_BUNDLE_IDENTIFIER = Ospanbekov.Zhandos.todoUITests;
				PRODUCT_NAME = "$(TARGET_NAME)";
				SWIFT_EMIT_LOC_STRINGS = NO;
				SWIFT_VERSION = 5.0;
				TARGETED_DEVICE_FAMILY = "1,2";
				TEST_TARGET_NAME = todo;
			};
			name = Debug;
		};
		D79416992AE79CEF006164F5 /* Release */ = {
			isa = XCBuildConfiguration;
			buildSettings = {
				ALWAYS_EMBED_SWIFT_STANDARD_LIBRARIES = YES;
				CODE_SIGN_STYLE = Automatic;
				CURRENT_PROJECT_VERSION = 1;
				GENERATE_INFOPLIST_FILE = YES;
				MARKETING_VERSION = 1.0;
				PRODUCT_BUNDLE_IDENTIFIER = Ospanbekov.Zhandos.todoUITests;
				PRODUCT_NAME = "$(TARGET_NAME)";
				SWIFT_EMIT_LOC_STRINGS = NO;
				SWIFT_VERSION = 5.0;
				TARGETED_DEVICE_FAMILY = "1,2";
				TEST_TARGET_NAME = todo;
			};
			name = Release;
		};
/* End XCBuildConfiguration section */

/* Begin XCConfigurationList section */
		D79416622AE79CEF006164F5 /* Build configuration list for PBXProject "todo" */ = {
			isa = XCConfigurationList;
			buildConfigurations = (
				D794168F2AE79CEF006164F5 /* Debug */,
				D79416902AE79CEF006164F5 /* Release */,
			);
			defaultConfigurationIsVisible = 0;
			defaultConfigurationName = Release;
		};
		D79416912AE79CEF006164F5 /* Build configuration list for PBXNativeTarget "todo" */ = {
			isa = XCConfigurationList;
			buildConfigurations = (
				D79416922AE79CEF006164F5 /* Debug */,
				D79416932AE79CEF006164F5 /* Release */,
			);
			defaultConfigurationIsVisible = 0;
			defaultConfigurationName = Release;
		};
		D79416942AE79CEF006164F5 /* Build configuration list for PBXNativeTarget "todoTests" */ = {
			isa = XCConfigurationList;
			buildConfigurations = (
				D79416952AE79CEF006164F5 /* Debug */,
				D79416962AE79CEF006164F5 /* Release */,
			);
			defaultConfigurationIsVisible = 0;
			defaultConfigurationName = Release;
		};
		D79416972AE79CEF006164F5 /* Build configuration list for PBXNativeTarget "todoUITests" */ = {
			isa = XCConfigurationList;
			buildConfigurations = (
				D79416982AE79CEF006164F5 /* Debug */,
				D79416992AE79CEF006164F5 /* Release */,
			);
			defaultConfigurationIsVisible = 0;
			defaultConfigurationName = Release;
		};
/* End XCConfigurationList section */
	};
	rootObject = D794165F2AE79CEF006164F5 /* Project object */;
}
